
Microsoft Visual Studio Solution File, Format Version 12.00
# Visual Studio Version 17
VisualStudioVersion = 17.13.35828.75 d17.13
MinimumVisualStudioVersion = 10.0.40219.1
Project("{FAE04EC0-301F-11D3-BF4B-00C04F79EFBC}") = "Clase Asincronica 1", "Clase Asincronica 1\Clase Asincronica 1.csproj", "{CC51B473-9B73-4290-A464-C34A2622E871}"
EndProject
Global
	GlobalSection(SolutionConfigurationPlatforms) = preSolution
		Debug|Any CPU = Debug|Any CPU
		Release|Any CPU = Release|Any CPU
	EndGlobalSection
	GlobalSection(ProjectConfigurationPlatforms) = postSolution
		{CC51B473-9B73-4290-A464-C34A2622E871}.Debug|Any CPU.ActiveCfg = Debug|Any CPU
		{CC51B473-9B73-4290-A464-C34A2622E871}.Debug|Any CPU.Build.0 = Debug|Any CPU
		{CC51B473-9B73-4290-A464-C34A2622E871}.Release|Any CPU.ActiveCfg = Release|Any CPU
		{CC51B473-9B73-4290-A464-C34A2622E871}.Release|Any CPU.Build.0 = Release|Any CPU
	EndGlobalSection
	GlobalSection(SolutionProperties) = preSolution
		HideSolutionNode = FALSE
	EndGlobalSection
	GlobalSection(ExtensibilityGlobals) = postSolution
		SolutionGuid = {8C3F9B54-C4F0-4521-A719-AFC223F0299F}
	EndGlobalSection
EndGlobal
